Microsoft Visual Studio Solution File, Format Version 12.00
# Visual Studio Version 17
VisualStudioVersion = 17.3.32929.385
MinimumVisualStudioVersion = 10.0.40219.1
Project("{FAE04EC0-301F-11D3-BF4B-00C04F79EFBC}") = "WeakTableGCStall", "WeakTableGCStall\WeakTableGCStall.csproj", "{D5B41E97-608D-4AB2-8AD4-D65E4C7A3A35}"
EndProject
Global
	GlobalSection(SolutionConfigurationPlatforms) = preSolution
		Debug|Any CPU = Debug|Any CPU
		Release|Any CPU = Release|Any CPU
	EndGlobalSection
	GlobalSection(ProjectConfigurationPlatforms) = postSolution
		{D5B41E97-608D-4AB2-8AD4-D65E4C7A3A35}.Debug|Any CPU.ActiveCfg = Debug|Any CPU
		{D5B41E97-608D-4AB2-8AD4-D65E4C7A3A35}.Debug|Any CPU.Build.0 = Debug|Any CPU
		{D5B41E97-608D-4AB2-8AD4-D65E4C7A3A35}.Release|Any CPU.ActiveCfg = Release|Any CPU
		{D5B41E97-608D-4AB2-8AD4-D65E4C7A3A35}.Release|Any CPU.Build.0 = Release|Any CPU
	EndGlobalSection
	GlobalSection(SolutionProperties) = preSolution
		HideSolutionNode = FALSE
	EndGlobalSection
	GlobalSection(ExtensibilityGlobals) = postSolution
		SolutionGuid = {8A22006B-5D50-4D01-915A-6B2607F0B6BD}
	EndGlobalSection
EndGlobal
